
Microsoft Visual Studio Solution File, Format Version 12.00
# Visual Studio 14
VisualStudioVersion = 14.0.25420.1
MinimumVisualStudioVersion = 10.0.40219.1
Project("{FAE04EC0-301F-11D3-BF4B-00C04F79EFBC}") = "IniToDynamic", "IniToDynamic\IniToDynamic.csproj", "{78BC047F-3BA5-4D10-AE11-6A3C56D28DFC}"
EndProject
Global
	GlobalSection(SolutionConfigurationPlatforms) = preSolution
		Debug|Any CPU = Debug|Any CPU
		Release|Any CPU = Release|Any CPU
	EndGlobalSection
	GlobalSection(ProjectConfigurationPlatforms) = postSolution
		{78BC047F-3BA5-4D10-AE11-6A3C56D28DFC}.Debug|Any CPU.ActiveCfg = Debug|Any CPU
		{78BC047F-3BA5-4D10-AE11-6A3C56D28DFC}.Debug|Any CPU.Build.0 = Debug|Any CPU
		{78BC047F-3BA5-4D10-AE11-6A3C56D28DFC}.Release|Any CPU.ActiveCfg = Release|Any CPU
		{78BC047F-3BA5-4D10-AE11-6A3C56D28DFC}.Release|Any CPU.Build.0 = Release|Any CPU
	EndGlobalSection
	GlobalSection(SolutionProperties) = preSolution
		HideSolutionNode = FALSE
	EndGlobalSection
EndGlobal
